
Microsoft Visual Studio Solution File, Format Version 12.00
# Visual Studio Version 17
VisualStudioVersion = 17.4.33213.308
MinimumVisualStudioVersion = 10.0.40219.1
Project("{FAE04EC0-301F-11D3-BF4B-00C04F79EFBC}") = "dz_OverloadOperators", "dz_OverloadOperators\dz_OverloadOperators.csproj", "{D7044895-A9C5-4981-82A2-DBA90521CAD2}"
EndProject
Global
	GlobalSection(SolutionConfigurationPlatforms) = preSolution
		Debug|Any CPU = Debug|Any CPU
		Release|Any CPU = Release|Any CPU
	EndGlobalSection
	GlobalSection(ProjectConfigurationPlatforms) = postSolution
		{D7044895-A9C5-4981-82A2-DBA90521CAD2}.Debug|Any CPU.ActiveCfg = Debug|Any CPU
		{D7044895-A9C5-4981-82A2-DBA90521CAD2}.Debug|Any CPU.Build.0 = Debug|Any CPU
		{D7044895-A9C5-4981-82A2-DBA90521CAD2}.Release|Any CPU.ActiveCfg = Release|Any CPU
		{D7044895-A9C5-4981-82A2-DBA90521CAD2}.Release|Any CPU.Build.0 = Release|Any CPU
	EndGlobalSection
	GlobalSection(SolutionProperties) = preSolution
		HideSolutionNode = FALSE
	EndGlobalSection
	GlobalSection(ExtensibilityGlobals) = postSolution
		SolutionGuid = {DB5791D2-E065-420A-B04D-0617DD7B5CA3}
	EndGlobalSection
EndGlobal
